<?xml version="1.0" encoding="utf-8"?>
<Project ToolsVersion="4.0" xmlns="http://schemas.microsoft.com/developer/msbuild/2003">
  <ItemGroup>
    <Filter Include="Исходные файлы">
      <UniqueIdentifier>{4FC737F1-C7A5-4376-A066-2A32D752A2FF}</UniqueIdentifier>
      <Extensions>cpp;c;cc;cxx;c++;cppm;ixx;def;odl;idl;hpj;bat;asm;asmx</Extensions>
    </Filter>
    <Filter Include="Файлы заголовков">
      <UniqueIdentifier>{93995380-89BD-4b04-88EB-625FBE52EBFB}</UniqueIdentifier>
      <Extensions>h;hh;hpp;hxx;h++;hm;inl;inc;ipp;xsd</Extensions>
    </Filter>
    <Filter Include="Файлы ресурсов">
      <UniqueIdentifier>{67DA6AB6-F800-4c08-8B7A-83BB121AAD01}</UniqueIdentifier>
      <Extensions>rc;ico;cur;bmp;dlg;rc2;rct;bin;rgs;gif;jpg;jpeg;jpe;resx;tiff;tif;png;wav;mfcribbon-ms</Extensions>
    </Filter>
    <Filter Include="Работа с памятью">
      <UniqueIdentifier>{83f8c3ef-1e11-4d14-a5a7-26b2bae1952e}</UniqueIdentifier>
    </Filter>
    <Filter Include="Меню">
      <UniqueIdentifier>{0f933049-1151-48b0-b06f-3ab778db42dd}</UniqueIdentifier>
    </Filter>
    <Filter Include="Меню\imgui">
      <UniqueIdentifier>{9de47536-533c-4ade-8e83-5ebc8e246666}</UniqueIdentifier>
    </Filter>
    <Filter Include="Меню\kiero">
      <UniqueIdentifier>{8485b172-0c99-4088-9463-371a35d07def}</UniqueIdentifier>
    </Filter>
    <Filter Include="Меню\настройки">
      <UniqueIdentifier>{da7c840d-0811-4301-bb46-80fb0de442c7}</UniqueIdentifier>
    </Filter>
    <Filter Include="Меню\dx цветокор">
      <UniqueIdentifier>{a528e633-3e23-48a0-8f6e-b785122dde90}</UniqueIdentifier>
    </Filter>
    <Filter Include="Взлом">
      <UniqueIdentifier>{df480926-9fcd-4516-a6cc-9d5bdb276319}</UniqueIdentifier>
    </Filter>
    <Filter Include="Взлом\Bunny Hop">
      <UniqueIdentifier>{13a40bf1-e8cd-4b76-865d-091271903df6}</UniqueIdentifier>
    </Filter>
    <Filter Include="Взлом\Glow WH in Game">
      <UniqueIdentifier>{437f29c6-11fb-447f-bc62-3186abb1c611}</UniqueIdentifier>
    </Filter>
    <Filter Include="Работа с памятью\SDK">
      <UniqueIdentifier>{76923c88-afe3-48ef-9d4b-b7daaf268347}</UniqueIdentifier>
    </Filter>
    <Filter Include="Работа с памятью\SDK\Vec3">
      <UniqueIdentifier>{f8f6d68d-3ef0-48d8-9e78-5a09295669fc}</UniqueIdentifier>
    </Filter>
    <Filter Include="Взлом\Abstract class">
      <UniqueIdentifier>{b1dc7488-a061-4d86-bee2-0aae40abc5ed}</UniqueIdentifier>
    </Filter>
  </ItemGroup>
  <ItemGroup>
    <ClInclude Include="imgui\imgui.h">
      <Filter>Меню\imgui</Filter>
    </ClInclude>
    <ClInclude Include="imgui\imgui_impl_dx9.h">
      <Filter>Меню\imgui</Filter>
    </ClInclude>
    <ClInclude Include="imgui\imgui_impl_win32.h">
      <Filter>Меню\imgui</Filter>
    </ClInclude>
    <ClInclude Include="imgui\imgui_internal.h">
      <Filter>Меню\imgui</Filter>
    </ClInclude>
    <ClInclude Include="imgui\imstb_rectpack.h">
      <Filter>Меню\imgui</Filter>
    </ClInclude>
    <ClInclude Include="imgui\imstb_textedit.h">
      <Filter>Меню\imgui</Filter>
    </ClInclude>
    <ClInclude Include="imgui\imstb_truetype.h">
      <Filter>Меню\imgui</Filter>
    </ClInclude>
    <ClInclude Include="imgui\imconfig.h">
      <Filter>Меню\imgui</Filter>
    </ClInclude>
    <ClInclude Include="kiero\kiero.h">
      <Filter>Меню\kiero</Filter>
    </ClInclude>
    <ClInclude Include="kiero\minhook\src\hde\hde32.h">
      <Filter>Меню\kiero</Filter>
    </ClInclude>
    <ClInclude Include="kiero\minhook\src\hde\hde64.h">
      <Filter>Меню\kiero</Filter>
    </ClInclude>
    <ClInclude Include="kiero\minhook\src\hde\pstdint.h">
      <Filter>Меню\kiero</Filter>
    </ClInclude>
    <ClInclude Include="kiero\minhook\src\hde\table32.h">
      <Filter>Меню\kiero</Filter>
    </ClInclude>
    <ClInclude Include="kiero\minhook\src\hde\table64.h">
      <Filter>Меню\kiero</Filter>
    </ClInclude>
    <ClInclude Include="kiero\minhook\src\buffer.h">
      <Filter>Меню\kiero</Filter>
    </ClInclude>
    <ClInclude Include="kiero\minhook\src\trampoline.h">
      <Filter>Меню\kiero</Filter>
    </ClInclude>
    <ClInclude Include="kiero\minhook\include\MinHook.h">
      <Filter>Меню\kiero</Filter>
    </ClInclude>
    <ClInclude Include="includes.h">
      <Filter>Файлы заголовков</Filter>
    </ClInclude>
    <ClInclude Include="settings.h">
      <Filter>Меню\настройки</Filter>
    </ClInclude>
    <ClInclude Include="DX9ColorFix.h">
      <Filter>Меню\dx цветокор</Filter>
    </ClInclude>
    <ClInclude Include="offsets.h">
      <Filter>Взлом</Filter>
    </ClInclude>
    <ClInclude Include="bhop.h">
      <Filter>Взлом\Bunny Hop</Filter>
    </ClInclude>
    <ClInclude Include="GlowWhInGame.h">
      <Filter>Взлом\Glow WH in Game</Filter>
    </ClInclude>
    <ClInclude Include="CBaseEntity.h">
      <Filter>Работа с памятью\SDK</Filter>
    </ClInclude>
    <ClInclude Include="ClientBase.h">
      <Filter>Работа с памятью\SDK</Filter>
    </ClInclude>
    <ClInclude Include="EngineBase.h">
      <Filter>Работа с памятью\SDK</Filter>
    </ClInclude>
    <ClInclude Include="Ve3.h">
      <Filter>Работа с памятью\SDK\Vec3</Filter>
    </ClInclude>
    <ClInclude Include="hack.h">
      <Filter>Взлом\Abstract class</Filter>
    </ClInclude>
  </ItemGroup>
  <ItemGroup>
    <ClCompile Include="imgui\imgui_demo.cpp">
      <Filter>Меню\imgui</Filter>
    </ClCompile>
    <ClCompile Include="imgui\imgui_draw.cpp">
      <Filter>Меню\imgui</Filter>
    </ClCompile>
    <ClCompile Include="imgui\imgui_impl_dx9.cpp">
      <Filter>Меню\imgui</Filter>
    </ClCompile>
    <ClCompile Include="imgui\imgui_impl_win32.cpp">
      <Filter>Меню\imgui</Filter>
    </ClCompile>
    <ClCompile Include="imgui\imgui_tables.cpp">
      <Filter>Меню\imgui</Filter>
    </ClCompile>
    <ClCompile Include="imgui\imgui_widgets.cpp">
      <Filter>Меню\imgui</Filter>
    </ClCompile>
    <ClCompile Include="imgui\imgui.cpp">
      <Filter>Меню\imgui</Filter>
    </ClCompile>
    <ClCompile Include="kiero\kiero.cpp">
      <Filter>Меню\kiero</Filter>
    </ClCompile>
    <ClCompile Include="kiero\minhook\src\hde\hde32.c">
      <Filter>Меню\kiero</Filter>
    </ClCompile>
    <ClCompile Include="kiero\minhook\src\hde\hde64.c">
      <Filter>Меню\kiero</Filter>
    </ClCompile>
    <ClCompile Include="kiero\minhook\src\buffer.c">
      <Filter>Меню\kiero</Filter>
    </ClCompile>
    <ClCompile Include="kiero\minhook\src\hook.c">
      <Filter>Меню\kiero</Filter>
    </ClCompile>
    <ClCompile Include="kiero\minhook\src\trampoline.c">
      <Filter>Меню\kiero</Filter>
    </ClCompile>
    <ClCompile Include="main.cpp">
      <Filter>Исходные файлы</Filter>
    </ClCompile>
    <ClCompile Include="DX9ColorFix.cpp">
      <Filter>Меню\dx цветокор</Filter>
    </ClCompile>
    <ClCompile Include="bhop.cpp">
      <Filter>Взлом\Bunny Hop</Filter>
    </ClCompile>
    <ClCompile Include="GlowWhInGame.cpp">
      <Filter>Взлом\Glow WH in Game</Filter>
    </ClCompile>
    <ClCompile Include="Ve3.cpp">
      <Filter>Работа с памятью\SDK\Vec3</Filter>
    </ClCompile>
    <ClCompile Include="hack.cpp">
      <Filter>Взлом\Abstract class</Filter>
    </ClCompile>
  </ItemGroup>
  <ItemGroup>
    <None Include="kiero\minhook\dll_resources\MinHook.def">
      <Filter>Меню\kiero</Filter>
    </None>
  </ItemGroup>
  <ItemGroup>
    <ResourceCompile Include="kiero\minhook\dll_resources\MinHook.rc">
      <Filter>Меню\kiero</Filter>
    </ResourceCompile>
  </ItemGroup>
</Project>