<?xml version="1.0" encoding="utf-8"?>
<Project ToolsVersion="4.0" xmlns="http://schemas.microsoft.com/developer/msbuild/2003">
  <ItemGroup>
    <Filter Include="Исходные файлы">
      <UniqueIdentifier>{4FC737F1-C7A5-4376-A066-2A32D752A2FF}</UniqueIdentifier>
      <Extensions>cpp;c;cc;cxx;c++;cppm;ixx;def;odl;idl;hpj;bat;asm;asmx</Extensions>
    </Filter>
    <Filter Include="Файлы заголовков">
      <UniqueIdentifier>{93995380-89BD-4b04-88EB-625FBE52EBFB}</UniqueIdentifier>
      <Extensions>h;hh;hpp;hxx;h++;hm;inl;inc;ipp;xsd</Extensions>
    </Filter>
    <Filter Include="Файлы ресурсов">
      <UniqueIdentifier>{67DA6AB6-F800-4c08-8B7A-83BB121AAD01}</UniqueIdentifier>
      <Extensions>rc;ico;cur;bmp;dlg;rc2;rct;bin;rgs;gif;jpg;jpeg;jpe;resx;tiff;tif;png;wav;mfcribbon-ms</Extensions>
    </Filter>
    <Filter Include="Работа с памятью">
      <UniqueIdentifier>{83f8c3ef-1e11-4d14-a5a7-26b2bae1952e}</UniqueIdentifier>
    </Filter>
    <Filter Include="Работа с памятью\SDK">
      <UniqueIdentifier>{76923c88-afe3-48ef-9d4b-b7daaf268347}</UniqueIdentifier>
    </Filter>
    <Filter Include="Работа с памятью\SDK\CBaseEntity">
      <UniqueIdentifier>{942dcf71-8979-4e37-917a-750e732dfde4}</UniqueIdentifier>
    </Filter>
    <Filter Include="Работа с памятью\SDK\ClientBase">
      <UniqueIdentifier>{2b042b2d-c88e-4ac5-a14e-34e0c04824fa}</UniqueIdentifier>
    </Filter>
    <Filter Include="Работа с памятью\SDK\CLocalPlayer">
      <UniqueIdentifier>{392b22a4-d945-4181-98c9-622afb4be131}</UniqueIdentifier>
    </Filter>
    <Filter Include="Hacking features">
      <UniqueIdentifier>{df480926-9fcd-4516-a6cc-9d5bdb276319}</UniqueIdentifier>
    </Filter>
    <Filter Include="Hacking features\Bunny Hop">
      <UniqueIdentifier>{13a40bf1-e8cd-4b76-865d-091271903df6}</UniqueIdentifier>
    </Filter>
    <Filter Include="Hacking features\Glow WH in Game">
      <UniqueIdentifier>{437f29c6-11fb-447f-bc62-3186abb1c611}</UniqueIdentifier>
    </Filter>
    <Filter Include="Hacking features\Abstract class">
      <UniqueIdentifier>{b1dc7488-a061-4d86-bee2-0aae40abc5ed}</UniqueIdentifier>
    </Filter>
    <Filter Include="Hacking features\Trigger bot">
      <UniqueIdentifier>{6fa0f419-b44c-4c3b-b9d3-c0f763c3c958}</UniqueIdentifier>
    </Filter>
    <Filter Include="Visual stuff">
      <UniqueIdentifier>{0f933049-1151-48b0-b06f-3ab778db42dd}</UniqueIdentifier>
    </Filter>
    <Filter Include="Visual stuff\imgui">
      <UniqueIdentifier>{9de47536-533c-4ade-8e83-5ebc8e246666}</UniqueIdentifier>
    </Filter>
    <Filter Include="Visual stuff\kiero">
      <UniqueIdentifier>{8485b172-0c99-4088-9463-371a35d07def}</UniqueIdentifier>
    </Filter>
    <Filter Include="Visual stuff\DirectX">
      <UniqueIdentifier>{a528e633-3e23-48a0-8f6e-b785122dde90}</UniqueIdentifier>
    </Filter>
    <Filter Include="Visual stuff\DirectX\DX9ColorFix">
      <UniqueIdentifier>{fea179df-9cd8-44dc-806b-53e111724890}</UniqueIdentifier>
    </Filter>
    <Filter Include="Visual stuff\DirectX\ESPDrawer">
      <UniqueIdentifier>{95953034-9d42-431e-8d1a-73887f9205d6}</UniqueIdentifier>
    </Filter>
    <Filter Include="Visual stuff\cheat settings">
      <UniqueIdentifier>{da7c840d-0811-4301-bb46-80fb0de442c7}</UniqueIdentifier>
    </Filter>
    <Filter Include="Работа с памятью\memory">
      <UniqueIdentifier>{01097549-1e0f-46a1-8713-7141c76413c2}</UniqueIdentifier>
    </Filter>
  </ItemGroup>
  <ItemGroup>
    <ClInclude Include="imgui\imgui.h">
      <Filter>Visual stuff\imgui</Filter>
    </ClInclude>
    <ClInclude Include="imgui\imgui_impl_dx9.h">
      <Filter>Visual stuff\imgui</Filter>
    </ClInclude>
    <ClInclude Include="imgui\imgui_impl_win32.h">
      <Filter>Visual stuff\imgui</Filter>
    </ClInclude>
    <ClInclude Include="imgui\imgui_internal.h">
      <Filter>Visual stuff\imgui</Filter>
    </ClInclude>
    <ClInclude Include="imgui\imstb_rectpack.h">
      <Filter>Visual stuff\imgui</Filter>
    </ClInclude>
    <ClInclude Include="imgui\imstb_textedit.h">
      <Filter>Visual stuff\imgui</Filter>
    </ClInclude>
    <ClInclude Include="imgui\imstb_truetype.h">
      <Filter>Visual stuff\imgui</Filter>
    </ClInclude>
    <ClInclude Include="imgui\imconfig.h">
      <Filter>Visual stuff\imgui</Filter>
    </ClInclude>
    <ClInclude Include="kiero\kiero.h">
      <Filter>Visual stuff\kiero</Filter>
    </ClInclude>
    <ClInclude Include="kiero\minhook\src\hde\hde32.h">
      <Filter>Visual stuff\kiero</Filter>
    </ClInclude>
    <ClInclude Include="kiero\minhook\src\hde\hde64.h">
      <Filter>Visual stuff\kiero</Filter>
    </ClInclude>
    <ClInclude Include="kiero\minhook\src\hde\pstdint.h">
      <Filter>Visual stuff\kiero</Filter>
    </ClInclude>
    <ClInclude Include="kiero\minhook\src\hde\table32.h">
      <Filter>Visual stuff\kiero</Filter>
    </ClInclude>
    <ClInclude Include="kiero\minhook\src\hde\table64.h">
      <Filter>Visual stuff\kiero</Filter>
    </ClInclude>
    <ClInclude Include="kiero\minhook\src\buffer.h">
      <Filter>Visual stuff\kiero</Filter>
    </ClInclude>
    <ClInclude Include="kiero\minhook\src\trampoline.h">
      <Filter>Visual stuff\kiero</Filter>
    </ClInclude>
    <ClInclude Include="kiero\minhook\include\MinHook.h">
      <Filter>Visual stuff\kiero</Filter>
    </ClInclude>
    <ClInclude Include="includes.h">
      <Filter>Файлы заголовков</Filter>
    </ClInclude>
    <ClInclude Include="settings.h">
      <Filter>Visual stuff\cheat settings</Filter>
    </ClInclude>
    <ClInclude Include="bhop.h">
      <Filter>Hacking features\Bunny Hop</Filter>
    </ClInclude>
    <ClInclude Include="GlowWhInGame.h">
      <Filter>Hacking features\Glow WH in Game</Filter>
    </ClInclude>
    <ClInclude Include="hack.h">
      <Filter>Hacking features\Abstract class</Filter>
    </ClInclude>
    <ClInclude Include="TriggerBot.h">
      <Filter>Hacking features\Trigger bot</Filter>
    </ClInclude>
    <ClInclude Include="Vec3.h">
      <Filter>Работа с памятью\SDK</Filter>
    </ClInclude>
    <ClInclude Include="viewmatrix.h">
      <Filter>Работа с памятью\SDK</Filter>
    </ClInclude>
    <ClInclude Include="CBaseEntity.h">
      <Filter>Работа с памятью\SDK\CBaseEntity</Filter>
    </ClInclude>
    <ClInclude Include="ClientBase.h">
      <Filter>Работа с памятью\SDK\ClientBase</Filter>
    </ClInclude>
    <ClInclude Include="EngineBase.h">
      <Filter>Работа с памятью\SDK</Filter>
    </ClInclude>
    <ClInclude Include="CLocalPlayer.h">
      <Filter>Работа с памятью\SDK\CLocalPlayer</Filter>
    </ClInclude>
    <ClInclude Include="DX9ColorFix.h">
      <Filter>Visual stuff\DirectX\DX9ColorFix</Filter>
    </ClInclude>
    <ClInclude Include="ESPDrawer.h">
      <Filter>Visual stuff\DirectX\ESPDrawer</Filter>
    </ClInclude>
    <ClInclude Include="memory.h">
      <Filter>Работа с памятью\memory</Filter>
    </ClInclude>
    <ClInclude Include="offsets.h">
      <Filter>Работа с памятью\SDK</Filter>
    </ClInclude>
  </ItemGroup>
  <ItemGroup>
    <ClCompile Include="imgui\imgui_demo.cpp">
      <Filter>Visual stuff\imgui</Filter>
    </ClCompile>
    <ClCompile Include="imgui\imgui_draw.cpp">
      <Filter>Visual stuff\imgui</Filter>
    </ClCompile>
    <ClCompile Include="imgui\imgui_impl_dx9.cpp">
      <Filter>Visual stuff\imgui</Filter>
    </ClCompile>
    <ClCompile Include="imgui\imgui_impl_win32.cpp">
      <Filter>Visual stuff\imgui</Filter>
    </ClCompile>
    <ClCompile Include="imgui\imgui_tables.cpp">
      <Filter>Visual stuff\imgui</Filter>
    </ClCompile>
    <ClCompile Include="imgui\imgui_widgets.cpp">
      <Filter>Visual stuff\imgui</Filter>
    </ClCompile>
    <ClCompile Include="imgui\imgui.cpp">
      <Filter>Visual stuff\imgui</Filter>
    </ClCompile>
    <ClCompile Include="kiero\kiero.cpp">
      <Filter>Visual stuff\kiero</Filter>
    </ClCompile>
    <ClCompile Include="kiero\minhook\src\hde\hde32.c">
      <Filter>Visual stuff\kiero</Filter>
    </ClCompile>
    <ClCompile Include="kiero\minhook\src\hde\hde64.c">
      <Filter>Visual stuff\kiero</Filter>
    </ClCompile>
    <ClCompile Include="kiero\minhook\src\buffer.c">
      <Filter>Visual stuff\kiero</Filter>
    </ClCompile>
    <ClCompile Include="kiero\minhook\src\hook.c">
      <Filter>Visual stuff\kiero</Filter>
    </ClCompile>
    <ClCompile Include="kiero\minhook\src\trampoline.c">
      <Filter>Visual stuff\kiero</Filter>
    </ClCompile>
    <ClCompile Include="main.cpp">
      <Filter>Исходные файлы</Filter>
    </ClCompile>
    <ClCompile Include="bhop.cpp">
      <Filter>Hacking features\Bunny Hop</Filter>
    </ClCompile>
    <ClCompile Include="GlowWhInGame.cpp">
      <Filter>Hacking features\Glow WH in Game</Filter>
    </ClCompile>
    <ClCompile Include="hack.cpp">
      <Filter>Hacking features\Abstract class</Filter>
    </ClCompile>
    <ClCompile Include="TriggerBot.cpp">
      <Filter>Hacking features\Trigger bot</Filter>
    </ClCompile>
    <ClCompile Include="CBaseEntity.cpp">
      <Filter>Работа с памятью\SDK\CBaseEntity</Filter>
    </ClCompile>
    <ClCompile Include="ClientBase.cpp">
      <Filter>Работа с памятью\SDK\ClientBase</Filter>
    </ClCompile>
    <ClCompile Include="CLocalPlayer.cpp">
      <Filter>Работа с памятью\SDK\CLocalPlayer</Filter>
    </ClCompile>
    <ClCompile Include="DX9ColorFix.cpp">
      <Filter>Visual stuff\DirectX\DX9ColorFix</Filter>
    </ClCompile>
    <ClCompile Include="ESPDrawer.cpp">
      <Filter>Visual stuff\DirectX\ESPDrawer</Filter>
    </ClCompile>
  </ItemGroup>
  <ItemGroup>
    <None Include="kiero\minhook\dll_resources\MinHook.def">
      <Filter>Visual stuff\kiero</Filter>
    </None>
  </ItemGroup>
  <ItemGroup>
    <ResourceCompile Include="kiero\minhook\dll_resources\MinHook.rc">
      <Filter>Visual stuff\kiero</Filter>
    </ResourceCompile>
  </ItemGroup>
</Project>